
Microsoft Visual Studio Solution File, Format Version 12.00
# Visual Studio Version 17
VisualStudioVersion = 17.11.35312.102
MinimumVisualStudioVersion = 10.0.40219.1
Project("{FAE04EC0-301F-11D3-BF4B-00C04F79EFBC}") = "MyMvc", "MyMvc\MyMvc.csproj", "{CFE66309-14B0-4219-B2DC-DC4507730EE7}"
EndProject
Global
	GlobalSection(SolutionConfigurationPlatforms) = preSolution
		Debug|Any CPU = Debug|Any CPU
		Release|Any CPU = Release|Any CPU
	EndGlobalSection
	GlobalSection(ProjectConfigurationPlatforms) = postSolution
		{CFE66309-14B0-4219-B2DC-DC4507730EE7}.Debug|Any CPU.ActiveCfg = Debug|Any CPU
		{CFE66309-14B0-4219-B2DC-DC4507730EE7}.Debug|Any CPU.Build.0 = Debug|Any CPU
		{CFE66309-14B0-4219-B2DC-DC4507730EE7}.Release|Any CPU.ActiveCfg = Release|Any CPU
		{CFE66309-14B0-4219-B2DC-DC4507730EE7}.Release|Any CPU.Build.0 = Release|Any CPU
	EndGlobalSection
	GlobalSection(SolutionProperties) = preSolution
		HideSolutionNode = FALSE
	EndGlobalSection
	GlobalSection(ExtensibilityGlobals) = postSolution
		SolutionGuid = {FF0FF8DC-4D57-480F-9DAA-B36C287C8430}
	EndGlobalSection
EndGlobal
